// !$*UTF8*$!
{
	archiveVersion = 1;
	classes = {
	};
	objectVersion = 56;
	objects = {

/* Begin PBXBuildFile section */
		9BBB6CAF2BD3DAD9001244AD /* AppDelegate.swift in Sources */ = {isa = PBXBuildFile; fileRef = 9BBB6CAE2BD3DAD9001244AD /* AppDelegate.swift */; };
		9BBB6CB12BD3DAD9001244AD /* SceneDelegate.swift in Sources */ = {isa = PBXBuildFile; fileRef = 9BBB6CB02BD3DAD9001244AD /* SceneDelegate.swift */; };
		9BBB6CB32BD3DAD9001244AD /* ViewController.swift in Sources */ = {isa = PBXBuildFile; fileRef = 9BBB6CB22BD3DAD9001244AD /* ViewController.swift */; };
		9BBB6CB62BD3DAD9001244AD /* Main.storyboard in Resources */ = {isa = PBXBuildFile; fileRef = 9BBB6CB42BD3DAD9001244AD /* Main.storyboard */; };
		9BBB6CB82BD3DADA001244AD /* Assets.xcassets in Resources */ = {isa = PBXBuildFile; fileRef = 9BBB6CB72BD3DADA001244AD /* Assets.xcassets */; };
		9BBB6CBB2BD3DADA001244AD /* LaunchScreen.storyboard in Resources */ = {isa = PBXBuildFile; fileRef = 9BBB6CB92BD3DADA001244AD /* LaunchScreen.storyboard */; };
		9BBB6CC62BD3DADA001244AD /* App_JamTests.swift in Sources */ = {isa = PBXBuildFile; fileRef = 9BBB6CC52BD3DADA001244AD /* App_JamTests.swift */; };
		9BBB6CD02BD3DADA001244AD /* App_JamUITests.swift in Sources */ = {isa = PBXBuildFile; fileRef = 9BBB6CCF2BD3DADA001244AD /* App_JamUITests.swift */; };
		9BBB6CD22BD3DADA001244AD /* App_JamUITestsLaunchTests.swift in Sources */ = {isa = PBXBuildFile; fileRef = 9BBB6CD12BD3DADA001244AD /* App_JamUITestsLaunchTests.swift */; };
		9BBB6CDF2BD3DAF7001244AD /* EventVC.swift in Sources */ = {isa = PBXBuildFile; fileRef = 9BBB6CDE2BD3DAF7001244AD /* EventVC.swift */; };
		9BBB6CE22BD3DB06001244AD /* Then in Frameworks */ = {isa = PBXBuildFile; productRef = 9BBB6CE12BD3DB06001244AD /* Then */; };
		9BBB6CE52BD3DB0F001244AD /* SnapKit in Frameworks */ = {isa = PBXBuildFile; productRef = 9BBB6CE42BD3DB0F001244AD /* SnapKit */; };
		9BBB6CE72BD3DB26001244AD /* BaseVC.swift in Sources */ = {isa = PBXBuildFile; fileRef = 9BBB6CE62BD3DB26001244AD /* BaseVC.swift */; };
/* End PBXBuildFile section */

/* Begin PBXContainerItemProxy section */
		9BBB6CC22BD3DADA001244AD /* PBXContainerItemProxy */ = {
			isa = PBXContainerItemProxy;
			containerPortal = 9BBB6CA32BD3DAD9001244AD /* Project object */;
			proxyType = 1;
			remoteGlobalIDString = 9BBB6CAA2BD3DAD9001244AD;
			remoteInfo = App_Jam;
		};
		9BBB6CCC2BD3DADA001244AD /* PBXContainerItemProxy */ = {
			isa = PBXContainerItemProxy;
			containerPortal = 9BBB6CA32BD3DAD9001244AD /* Project object */;
			proxyType = 1;
			remoteGlobalIDString = 9BBB6CAA2BD3DAD9001244AD;
			remoteInfo = App_Jam;
		};
/* End PBXContainerItemProxy section */

/* Begin PBXFileReference section */
		9BBB6CAB2BD3DAD9001244AD /* App_Jam.app */ = {isa = PBXFileReference; explicitFileType = wrapper.application; includeInIndex = 0; path = App_Jam.app; sourceTree = BUILT_PRODUCTS_DIR; };
		9BBB6CAE2BD3DAD9001244AD /* AppDelegate.swift */ = {isa = PBXFileReference; lastKnownFileType = sourcecode.swift; path = AppDelegate.swift; sourceTree = "<group>"; };
		9BBB6CB02BD3DAD9001244AD /* SceneDelegate.swift */ = {isa = PBXFileReference; lastKnownFileType = sourcecode.swift; path = SceneDelegate.swift; sourceTree = "<group>"; };
		9BBB6CB22BD3DAD9001244AD /* ViewController.swift */ = {isa = PBXFileReference; lastKnownFileType = sourcecode.swift; path = ViewController.swift; sourceTree = "<group>"; };
		9BBB6CB52BD3DAD9001244AD /* Base */ = {isa = PBXFileReference; lastKnownFileType = file.storyboard; name = Base; path = Base.lproj/Main.storyboard; sourceTree = "<group>"; };
		9BBB6CB72BD3DADA001244AD /* Assets.xcassets */ = {isa = PBXFileReference; lastKnownFileType = folder.assetcatalog; path = Assets.xcassets; sourceTree = "<group>"; };
		9BBB6CBA2BD3DADA001244AD /* Base */ = {isa = PBXFileReference; lastKnownFileType = file.storyboard; name = Base; path = Base.lproj/LaunchScreen.storyboard; sourceTree = "<group>"; };
		9BBB6CBC2BD3DADA001244AD /* Info.plist */ = {isa = PBXFileReference; lastKnownFileType = text.plist.xml; path = Info.plist; sourceTree = "<group>"; };
		9BBB6CC12BD3DADA001244AD /* App_JamTests.xctest */ = {isa = PBXFileReference; explicitFileType = wrapper.cfbundle; includeInIndex = 0; path = App_JamTests.xctest; sourceTree = BUILT_PRODUCTS_DIR; };
		9BBB6CC52BD3DADA001244AD /* App_JamTests.swift */ = {isa = PBXFileReference; lastKnownFileType = sourcecode.swift; path = App_JamTests.swift; sourceTree = "<group>"; };
		9BBB6CCB2BD3DADA001244AD /* App_JamUITests.xctest */ = {isa = PBXFileReference; explicitFileType = wrapper.cfbundle; includeInIndex = 0; path = App_JamUITests.xctest; sourceTree = BUILT_PRODUCTS_DIR; };
		9BBB6CCF2BD3DADA001244AD /* App_JamUITests.swift */ = {isa = PBXFileReference; lastKnownFileType = sourcecode.swift; path = App_JamUITests.swift; sourceTree = "<group>"; };
		9BBB6CD12BD3DADA001244AD /* App_JamUITestsLaunchTests.swift */ = {isa = PBXFileReference; lastKnownFileType = sourcecode.swift; path = App_JamUITestsLaunchTests.swift; sourceTree = "<group>"; };
		9BBB6CDE2BD3DAF7001244AD /* EventVC.swift */ = {isa = PBXFileReference; lastKnownFileType = sourcecode.swift; path = EventVC.swift; sourceTree = "<group>"; };
		9BBB6CE62BD3DB26001244AD /* BaseVC.swift */ = {isa = PBXFileReference; lastKnownFileType = sourcecode.swift; path = BaseVC.swift; sourceTree = "<group>"; };
/* End PBXFileReference section */

/* Begin PBXFrameworksBuildPhase section */
		9BBB6CA82BD3DAD9001244AD /* Frameworks */ = {
			isa = PBXFrameworksBuildPhase;
			buildActionMask = 2147483647;
			files = (
				9BBB6CE22BD3DB06001244AD /* Then in Frameworks */,
				9BBB6CE52BD3DB0F001244AD /* SnapKit in Frameworks */,
			);
			runOnlyForDeploymentPostprocessing = 0;
		};
		9BBB6CBE2BD3DADA001244AD /* Frameworks */ = {
			isa = PBXFrameworksBuildPhase;
			buildActionMask = 2147483647;
			files = (
			);
			runOnlyForDeploymentPostprocessing = 0;
		};
		9BBB6CC82BD3DADA001244AD /* Frameworks */ = {
			isa = PBXFrameworksBuildPhase;
			buildActionMask = 2147483647;
			files = (
			);
			runOnlyForDeploymentPostprocessing = 0;
		};
/* End PBXFrameworksBuildPhase section */

/* Begin PBXGroup section */
		9BBB6CA22BD3DAD9001244AD = {
			isa = PBXGroup;
			children = (
				9BBB6CAD2BD3DAD9001244AD /* App_Jam */,
				9BBB6CC42BD3DADA001244AD /* App_JamTests */,
				9BBB6CCE2BD3DADA001244AD /* App_JamUITests */,
				9BBB6CAC2BD3DAD9001244AD /* Products */,
			);
			sourceTree = "<group>";
		};
		9BBB6CAC2BD3DAD9001244AD /* Products */ = {
			isa = PBXGroup;
			children = (
				9BBB6CAB2BD3DAD9001244AD /* App_Jam.app */,
				9BBB6CC12BD3DADA001244AD /* App_JamTests.xctest */,
				9BBB6CCB2BD3DADA001244AD /* App_JamUITests.xctest */,
			);
			name = Products;
			sourceTree = "<group>";
		};
		9BBB6CAD2BD3DAD9001244AD /* App_Jam */ = {
			isa = PBXGroup;
			children = (
				9BBB6CAE2BD3DAD9001244AD /* AppDelegate.swift */,
				9BBB6CB02BD3DAD9001244AD /* SceneDelegate.swift */,
				9BBB6CB22BD3DAD9001244AD /* ViewController.swift */,
				9BBB6CB42BD3DAD9001244AD /* Main.storyboard */,
				9BBB6CB72BD3DADA001244AD /* Assets.xcassets */,
				9BBB6CB92BD3DADA001244AD /* LaunchScreen.storyboard */,
				9BBB6CBC2BD3DADA001244AD /* Info.plist */,
				9BBB6CDE2BD3DAF7001244AD /* EventVC.swift */,
				9BBB6CE62BD3DB26001244AD /* BaseVC.swift */,
			);
			path = App_Jam;
			sourceTree = "<group>";
		};
		9BBB6CC42BD3DADA001244AD /* App_JamTests */ = {
			isa = PBXGroup;
			children = (
				9BBB6CC52BD3DADA001244AD /* App_JamTests.swift */,
			);
			path = App_JamTests;
			sourceTree = "<group>";
		};
		9BBB6CCE2BD3DADA001244AD /* App_JamUITests */ = {
			isa = PBXGroup;
			children = (
				9BBB6CCF2BD3DADA001244AD /* App_JamUITests.swift */,
				9BBB6CD12BD3DADA001244AD /* App_JamUITestsLaunchTests.swift */,
			);
			path = App_JamUITests;
			sourceTree = "<group>";
		};
/* End PBXGroup section */

/* Begin PBXNativeTarget section */
		9BBB6CAA2BD3DAD9001244AD /* App_Jam */ = {
			isa = PBXNativeTarget;
			buildConfigurationList = 9BBB6CD52BD3DADB001244AD /* Build configuration list for PBXNativeTarget "App_Jam" */;
			buildPhases = (
				9BBB6CA72BD3DAD9001244AD /* Sources */,
				9BBB6CA82BD3DAD9001244AD /* Frameworks */,
				9BBB6CA92BD3DAD9001244AD /* Resources */,
			);
			buildRules = (
			);
			dependencies = (
			);
			name = App_Jam;
			packageProductDependencies = (
				9BBB6CE12BD3DB06001244AD /* Then */,
				9BBB6CE42BD3DB0F001244AD /* SnapKit */,
			);
			productName = App_Jam;
			productReference = 9BBB6CAB2BD3DAD9001244AD /* App_Jam.app */;
			productType = "com.apple.product-type.application";
		};
		9BBB6CC02BD3DADA001244AD /* App_JamTests */ = {
			isa = PBXNativeTarget;
			buildConfigurationList = 9BBB6CD82BD3DADB001244AD /* Build configuration list for PBXNativeTarget "App_JamTests" */;
			buildPhases = (
				9BBB6CBD2BD3DADA001244AD /* Sources */,
				9BBB6CBE2BD3DADA001244AD /* Frameworks */,
				9BBB6CBF2BD3DADA001244AD /* Resources */,
			);
			buildRules = (
			);
			dependencies = (
				9BBB6CC32BD3DADA001244AD /* PBXTargetDependency */,
			);
			name = App_JamTests;
			productName = App_JamTests;
			productReference = 9BBB6CC12BD3DADA001244AD /* App_JamTests.xctest */;
			productType = "com.apple.product-type.bundle.unit-test";
		};
		9BBB6CCA2BD3DADA001244AD /* App_JamUITests */ = {
			isa = PBXNativeTarget;
			buildConfigurationList = 9BBB6CDB2BD3DADB001244AD /* Build configuration list for PBXNativeTarget "App_JamUITests" */;
			buildPhases = (
				9BBB6CC72BD3DADA001244AD /* Sources */,
				9BBB6CC82BD3DADA001244AD /* Frameworks */,
				9BBB6CC92BD3DADA001244AD /* Resources */,
			);
			buildRules = (
			);
			dependencies = (
				9BBB6CCD2BD3DADA001244AD /* PBXTargetDependency */,
			);
			name = App_JamUITests;
			productName = App_JamUITests;
			productReference = 9BBB6CCB2BD3DADA001244AD /* App_JamUITests.xctest */;
			productType = "com.apple.product-type.bundle.ui-testing";
		};
/* End PBXNativeTarget section */

/* Begin PBXProject section */
		9BBB6CA32BD3DAD9001244AD /* Project object */ = {
			isa = PBXProject;
			attributes = {
				BuildIndependentTargetsInParallel = 1;
				LastSwiftUpdateCheck = 1510;
				LastUpgradeCheck = 1510;
				TargetAttributes = {
					9BBB6CAA2BD3DAD9001244AD = {
						CreatedOnToolsVersion = 15.1;
					};
					9BBB6CC02BD3DADA001244AD = {
						CreatedOnToolsVersion = 15.1;
						TestTargetID = 9BBB6CAA2BD3DAD9001244AD;
					};
					9BBB6CCA2BD3DADA001244AD = {
						CreatedOnToolsVersion = 15.1;
						TestTargetID = 9BBB6CAA2BD3DAD9001244AD;
					};
				};
			};
			buildConfigurationList = 9BBB6CA62BD3DAD9001244AD /* Build configuration list for PBXProject "App_Jam" */;
			compatibilityVersion = "Xcode 14.0";
			developmentRegion = en;
			hasScannedForEncodings = 0;
			knownRegions = (
				en,
				Base,
			);
			mainGroup = 9BBB6CA22BD3DAD9001244AD;
			packageReferences = (
				9BBB6CE02BD3DB06001244AD /* XCRemoteSwiftPackageReference "Then" */,
				9BBB6CE32BD3DB0F001244AD /* XCRemoteSwiftPackageReference "SnapKit" */,
			);
			productRefGroup = 9BBB6CAC2BD3DAD9001244AD /* Products */;
			projectDirPath = "";
			projectRoot = "";
			targets = (
				9BBB6CAA2BD3DAD9001244AD /* App_Jam */,
				9BBB6CC02BD3DADA001244AD /* App_JamTests */,
				9BBB6CCA2BD3DADA001244AD /* App_JamUITests */,
			);
		};
/* End PBXProject section */

/* Begin PBXResourcesBuildPhase section */
		9BBB6CA92BD3DAD9001244AD /* Resources */ = {
			isa = PBXResourcesBuildPhase;
			buildActionMask = 2147483647;
			files = (
				9BBB6CBB2BD3DADA001244AD /* LaunchScreen.storyboard in Resources */,
				9BBB6CB82BD3DADA001244AD /* Assets.xcassets in Resources */,
				9BBB6CB62BD3DAD9001244AD /* Main.storyboard in Resources */,
			);
			runOnlyForDeploymentPostprocessing = 0;
		};
		9BBB6CBF2BD3DADA001244AD /* Resources */ = {
			isa = PBXResourcesBuildPhase;
			buildActionMask = 2147483647;
			files = (
			);
			runOnlyForDeploymentPostprocessing = 0;
		};
		9BBB6CC92BD3DADA001244AD /* Resources */ = {
			isa = PBXResourcesBuildPhase;
			buildActionMask = 2147483647;
			files = (
			);
			runOnlyForDeploymentPostprocessing = 0;
		};
/* End PBXResourcesBuildPhase section */

/* Begin PBXSourcesBuildPhase section */
		9BBB6CA72BD3DAD9001244AD /* Sources */ = {
			isa = PBXSourcesBuildPhase;
			buildActionMask = 2147483647;
			files = (
				9BBB6CB32BD3DAD9001244AD /* ViewController.swift in Sources */,
				9BBB6CAF2BD3DAD9001244AD /* AppDelegate.swift in Sources */,
				9BBB6CB12BD3DAD9001244AD /* SceneDelegate.swift in Sources */,
				9BBB6CDF2BD3DAF7001244AD /* EventVC.swift in Sources */,
				9BBB6CE72BD3DB26001244AD /* BaseVC.swift in Sources */,
			);
			runOnlyForDeploymentPostprocessing = 0;
		};
		9BBB6CBD2BD3DADA001244AD /* Sources */ = {
			isa = PBXSourcesBuildPhase;
			buildActionMask = 2147483647;
			files = (
				9BBB6CC62BD3DADA001244AD /* App_JamTests.swift in Sources */,
			);
			runOnlyForDeploymentPostprocessing = 0;
		};
		9BBB6CC72BD3DADA001244AD /* Sources */ = {
			isa = PBXSourcesBuildPhase;
			buildActionMask = 2147483647;
			files = (
				9BBB6CD02BD3DADA001244AD /* App_JamUITests.swift in Sources */,
				9BBB6CD22BD3DADA001244AD /* App_JamUITestsLaunchTests.swift in Sources */,
			);
			runOnlyForDeploymentPostprocessing = 0;
		};
/* End PBXSourcesBuildPhase section */

/* Begin PBXTargetDependency section */
		9BBB6CC32BD3DADA001244AD /* PBXTargetDependency */ = {
			isa = PBXTargetDependency;
			target = 9BBB6CAA2BD3DAD9001244AD /* App_Jam */;
			targetProxy = 9BBB6CC22BD3DADA001244AD /* PBXContainerItemProxy */;
		};
		9BBB6CCD2BD3DADA001244AD /* PBXTargetDependency */ = {
			isa = PBXTargetDependency;
			target = 9BBB6CAA2BD3DAD9001244AD /* App_Jam */;
			targetProxy = 9BBB6CCC2BD3DADA001244AD /* PBXContainerItemProxy */;
		};
/* End PBXTargetDependency section */

/* Begin PBXVariantGroup section */
		9BBB6CB42BD3DAD9001244AD /* Main.storyboard */ = {
			isa = PBXVariantGroup;
			children = (
				9BBB6CB52BD3DAD9001244AD /* Base */,
			);
			name = Main.storyboard;
			sourceTree = "<group>";
		};
		9BBB6CB92BD3DADA001244AD /* LaunchScreen.storyboard */ = {
			isa = PBXVariantGroup;
			children = (
				9BBB6CBA2BD3DADA001244AD /* Base */,
			);
			name = LaunchScreen.storyboard;
			sourceTree = "<group>";
		};
/* End PBXVariantGroup section */

/* Begin XCBuildConfiguration section */
		9BBB6CD32BD3DADB001244AD /* Debug */ = {
			isa = XCBuildConfiguration;
			buildSettings = {
				ALWAYS_SEARCH_USER_PATHS = NO;
				ASSETCATALOG_COMPILER_GENERATE_SWIFT_ASSET_SYMBOL_EXTENSIONS = YES;
				CLANG_ANALYZER_NONNULL = YES;
				CLANG_ANALYZER_NUMBER_OBJECT_CONVERSION = YES_AGGRESSIVE;
				CLANG_CXX_LANGUAGE_STANDARD = "gnu++20";
				CLANG_ENABLE_MODULES = YES;
				CLANG_ENABLE_OBJC_ARC = YES;
				CLANG_ENABLE_OBJC_WEAK = YES;
				CLANG_WARN_BLOCK_CAPTURE_AUTORELEASING = YES;
				CLANG_WARN_BOOL_CONVERSION = YES;
				CLANG_WARN_COMMA = YES;
				CLANG_WARN_CONSTANT_CONVERSION = YES;
				CLANG_WARN_DEPRECATED_OBJC_IMPLEMENTATIONS = YES;
				CLANG_WARN_DIRECT_OBJC_ISA_USAGE = YES_ERROR;
				CLANG_WARN_DOCUMENTATION_COMMENTS = YES;
				CLANG_WARN_EMPTY_BODY = YES;
				CLANG_WARN_ENUM_CONVERSION = YES;
				CLANG_WARN_INFINITE_RECURSION = YES;
				CLANG_WARN_INT_CONVERSION = YES;
				CLANG_WARN_NON_LITERAL_NULL_CONVERSION = YES;
				CLANG_WARN_OBJC_IMPLICIT_RETAIN_SELF = YES;
				CLANG_WARN_OBJC_LITERAL_CONVERSION = YES;
				CLANG_WARN_OBJC_ROOT_CLASS = YES_ERROR;
				CLANG_WARN_QUOTED_INCLUDE_IN_FRAMEWORK_HEADER = YES;
				CLANG_WARN_RANGE_LOOP_ANALYSIS = YES;
				CLANG_WARN_STRICT_PROTOTYPES = YES;
				CLANG_WARN_SUSPICIOUS_MOVE = YES;
				CLANG_WARN_UNGUARDED_AVAILABILITY = YES_AGGRESSIVE;
				CLANG_WARN_UNREACHABLE_CODE = YES;
				CLANG_WARN__DUPLICATE_METHOD_MATCH = YES;
				COPY_PHASE_STRIP = NO;
				DEBUG_INFORMATION_FORMAT = dwarf;
				ENABLE_STRICT_OBJC_MSGSEND = YES;
				ENABLE_TESTABILITY = YES;
				ENABLE_USER_SCRIPT_SANDBOXING = YES;
				GCC_C_LANGUAGE_STANDARD = gnu17;
				GCC_DYNAMIC_NO_PIC = NO;
				GCC_NO_COMMON_BLOCKS = YES;
				GCC_OPTIMIZATION_LEVEL = 0;
				GCC_PREPROCESSOR_DEFINITIONS = (
					"DEBUG=1",
					"$(inherited)",
				);
				GCC_WARN_64_TO_32_BIT_CONVERSION = YES;
				GCC_WARN_ABOUT_RETURN_TYPE = YES_ERROR;
				GCC_WARN_UNDECLARED_SELECTOR = YES;
				GCC_WARN_UNINITIALIZED_AUTOS = YES_AGGRESSIVE;
				GCC_WARN_UNUSED_FUNCTION = YES;
				GCC_WARN_UNUSED_VARIABLE = YES;
				IPHONEOS_DEPLOYMENT_TARGET = 17.2;
				LOCALIZATION_PREFERS_STRING_CATALOGS = YES;
				MTL_ENABLE_DEBUG_INFO = INCLUDE_SOURCE;
				MTL_FAST_MATH = YES;
				ONLY_ACTIVE_ARCH = YES;
				SDKROOT = iphoneos;
				SWIFT_ACTIVE_COMPILATION_CONDITIONS = "DEBUG $(inherited)";
				SWIFT_OPTIMIZATION_LEVEL = "-Onone";
			};
			name = Debug;
		};
		9BBB6CD42BD3DADB001244AD /* Release */ = {
			isa = XCBuildConfiguration;
			buildSettings = {
				ALWAYS_SEARCH_USER_PATHS = NO;
				ASSETCATALOG_COMPILER_GENERATE_SWIFT_ASSET_SYMBOL_EXTENSIONS = YES;
				CLANG_ANALYZER_NONNULL = YES;
				CLANG_ANALYZER_NUMBER_OBJECT_CONVERSION = YES_AGGRESSIVE;
				CLANG_CXX_LANGUAGE_STANDARD = "gnu++20";
				CLANG_ENABLE_MODULES = YES;
				CLANG_ENABLE_OBJC_ARC = YES;
				CLANG_ENABLE_OBJC_WEAK = YES;
				CLANG_WARN_BLOCK_CAPTURE_AUTORELEASING = YES;
				CLANG_WARN_BOOL_CONVERSION = YES;
				CLANG_WARN_COMMA = YES;
				CLANG_WARN_CONSTANT_CONVERSION = YES;
				CLANG_WARN_DEPRECATED_OBJC_IMPLEMENTATIONS = YES;
				CLANG_WARN_DIRECT_OBJC_ISA_USAGE = YES_ERROR;
				CLANG_WARN_DOCUMENTATION_COMMENTS = YES;
				CLANG_WARN_EMPTY_BODY = YES;
				CLANG_WARN_ENUM_CONVERSION = YES;
				CLANG_WARN_INFINITE_RECURSION = YES;
				CLANG_WARN_INT_CONVERSION = YES;
				CLANG_WARN_NON_LITERAL_NULL_CONVERSION = YES;
				CLANG_WARN_OBJC_IMPLICIT_RETAIN_SELF = YES;
				CLANG_WARN_OBJC_LITERAL_CONVERSION = YES;
				CLANG_WARN_OBJC_ROOT_CLASS = YES_ERROR;
				CLANG_WARN_QUOTED_INCLUDE_IN_FRAMEWORK_HEADER = YES;
				CLANG_WARN_RANGE_LOOP_ANALYSIS = YES;
				CLANG_WARN_STRICT_PROTOTYPES = YES;
				CLANG_WARN_SUSPICIOUS_MOVE = YES;
				CLANG_WARN_UNGUARDED_AVAILABILITY = YES_AGGRESSIVE;
				CLANG_WARN_UNREACHABLE_CODE = YES;
				CLANG_WARN__DUPLICATE_METHOD_MATCH = YES;
				COPY_PHASE_STRIP = NO;
				DEBUG_INFORMATION_FORMAT = "dwarf-with-dsym";
				ENABLE_NS_ASSERTIONS = NO;
				ENABLE_STRICT_OBJC_MSGSEND = YES;
				ENABLE_USER_SCRIPT_SANDBOXING = YES;
				GCC_C_LANGUAGE_STANDARD = gnu17;
				GCC_NO_COMMON_BLOCKS = YES;
				GCC_WARN_64_TO_32_BIT_CONVERSION = YES;
				GCC_WARN_ABOUT_RETURN_TYPE = YES_ERROR;
				GCC_WARN_UNDECLARED_SELECTOR = YES;
				GCC_WARN_UNINITIALIZED_AUTOS = YES_AGGRESSIVE;
				GCC_WARN_UNUSED_FUNCTION = YES;
				GCC_WARN_UNUSED_VARIABLE = YES;
				IPHONEOS_DEPLOYMENT_TARGET = 17.2;
				LOCALIZATION_PREFERS_STRING_CATALOGS = YES;
				MTL_ENABLE_DEBUG_INFO = NO;
				MTL_FAST_MATH = YES;
				SDKROOT = iphoneos;
				SWIFT_COMPILATION_MODE = wholemodule;
				VALIDATE_PRODUCT = YES;
			};
			name = Release;
		};
		9BBB6CD62BD3DADB001244AD /* Debug */ = {
			isa = XCBuildConfiguration;
			buildSettings = {
				ASSETCATALOG_COMPILER_APPICON_NAME = AppIcon;
				ASSETCATALOG_COMPILER_GLOBAL_ACCENT_COLOR_NAME = AccentColor;
				CODE_SIGN_STYLE = Automatic;
				CURRENT_PROJECT_VERSION = 1;
				DEVELOPMENT_TEAM = DT6CHGQB77;
				GENERATE_INFOPLIST_FILE = YES;
				INFOPLIST_FILE = App_Jam/Info.plist;
				INFOPLIST_KEY_UIApplicationSupportsIndirectInputEvents = YES;
				INFOPLIST_KEY_UILaunchStoryboardName = Main.storyboard;
				INFOPLIST_KEY_UIMainStoryboardFile = Main;
				INFOPLIST_KEY_UISupportedInterfaceOrientations_iPad = "UIInterfaceOrientationPortrait UIInterfaceOrientationPortraitUpsideDown UIInterfaceOrientationLandscapeLeft UIInterfaceOrientationLandscapeRight";
				INFOPLIST_KEY_UISupportedInterfaceOrientations_iPhone = "UIInterfaceOrientationPortrait UIInterfaceOrientationLandscapeLeft UIInterfaceOrientationLandscapeRight";
				LD_RUNPATH_SEARCH_PATHS = (
					"$(inherited)",
					"@executable_path/Frameworks",
				);
				MARKETING_VERSION = 1.0;
				PRODUCT_BUNDLE_IDENTIFIER = "MelBIP.App-Jam";
				PRODUCT_NAME = "$(TARGET_NAME)";
				SWIFT_EMIT_LOC_STRINGS = YES;
				SWIFT_VERSION = 5.0;
				TARGETED_DEVICE_FAMILY = "1,2";
			};
			name = Debug;
		};
		9BBB6CD72BD3DADB001244AD /* Release */ = {
			isa = XCBuildConfiguration;
			buildSettings = {
				ASSETCATALOG_COMPILER_APPICON_NAME = AppIcon;
				ASSETCATALOG_COMPILER_GLOBAL_ACCENT_COLOR_NAME = AccentColor;
				CODE_SIGN_STYLE = Automatic;
				CURRENT_PROJECT_VERSION = 1;
				DEVELOPMENT_TEAM = DT6CHGQB77;
				GENERATE_INFOPLIST_FILE = YES;
				INFOPLIST_FILE = App_Jam/Info.plist;
				INFOPLIST_KEY_UIApplicationSupportsIndirectInputEvents = YES;
				INFOPLIST_KEY_UILaunchStoryboardName = Main.storyboard;
				INFOPLIST_KEY_UIMainStoryboardFile = Main;
				INFOPLIST_KEY_UISupportedInterfaceOrientations_iPad = "UIInterfaceOrientationPortrait UIInterfaceOrientationPortraitUpsideDown UIInterfaceOrientationLandscapeLeft UIInterfaceOrientationLandscapeRight";
				INFOPLIST_KEY_UISupportedInterfaceOrientations_iPhone = "UIInterfaceOrientationPortrait UIInterfaceOrientationLandscapeLeft UIInterfaceOrientationLandscapeRight";
				LD_RUNPATH_SEARCH_PATHS = (
					"$(inherited)",
					"@executable_path/Frameworks",
				);
				MARKETING_VERSION = 1.0;
				PRODUCT_BUNDLE_IDENTIFIER = "MelBIP.App-Jam";
				PRODUCT_NAME = "$(TARGET_NAME)";
				SWIFT_EMIT_LOC_STRINGS = YES;
				SWIFT_VERSION = 5.0;
				TARGETED_DEVICE_FAMILY = "1,2";
			};
			name = Release;
		};
		9BBB6CD92BD3DADB001244AD /* Debug */ = {
			isa = XCBuildConfiguration;
			buildSettings = {
				ALWAYS_EMBED_SWIFT_STANDARD_LIBRARIES = YES;
				BUNDLE_LOADER = "$(TEST_HOST)";
				CODE_SIGN_STYLE = Automatic;
				CURRENT_PROJECT_VERSION = 1;
				DEVELOPMENT_TEAM = DT6CHGQB77;
				GENERATE_INFOPLIST_FILE = YES;
				IPHONEOS_DEPLOYMENT_TARGET = 17.2;
				MARKETING_VERSION = 1.0;
				PRODUCT_BUNDLE_IDENTIFIER = "MelBIP.App-JamTests";
				PRODUCT_NAME = "$(TARGET_NAME)";
				SWIFT_EMIT_LOC_STRINGS = NO;
				SWIFT_VERSION = 5.0;
				TARGETED_DEVICE_FAMILY = "1,2";
				TEST_HOST = "$(BUILT_PRODUCTS_DIR)/App_Jam.app/$(BUNDLE_EXECUTABLE_FOLDER_PATH)/App_Jam";
			};
			name = Debug;
		};
		9BBB6CDA2BD3DADB001244AD /* Release */ = {
			isa = XCBuildConfiguration;
			buildSettings = {
				ALWAYS_EMBED_SWIFT_STANDARD_LIBRARIES = YES;
				BUNDLE_LOADER = "$(TEST_HOST)";
				CODE_SIGN_STYLE = Automatic;
				CURRENT_PROJECT_VERSION = 1;
				DEVELOPMENT_TEAM = DT6CHGQB77;
				GENERATE_INFOPLIST_FILE = YES;
				IPHONEOS_DEPLOYMENT_TARGET = 17.2;
				MARKETING_VERSION = 1.0;
				PRODUCT_BUNDLE_IDENTIFIER = "MelBIP.App-JamTests";
				PRODUCT_NAME = "$(TARGET_NAME)";
				SWIFT_EMIT_LOC_STRINGS = NO;
				SWIFT_VERSION = 5.0;
				TARGETED_DEVICE_FAMILY = "1,2";
				TEST_HOST = "$(BUILT_PRODUCTS_DIR)/App_Jam.app/$(BUNDLE_EXECUTABLE_FOLDER_PATH)/App_Jam";
			};
			name = Release;
		};
		9BBB6CDC2BD3DADB001244AD /* Debug */ = {
			isa = XCBuildConfiguration;
			buildSettings = {
				ALWAYS_EMBED_SWIFT_STANDARD_LIBRARIES = YES;
				CODE_SIGN_STYLE = Automatic;
				CURRENT_PROJECT_VERSION = 1;
				DEVELOPMENT_TEAM = DT6CHGQB77;
				GENERATE_INFOPLIST_FILE = YES;
				MARKETING_VERSION = 1.0;
				PRODUCT_BUNDLE_IDENTIFIER = "MelBIP.App-JamUITests";
				PRODUCT_NAME = "$(TARGET_NAME)";
				SWIFT_EMIT_LOC_STRINGS = NO;
				SWIFT_VERSION = 5.0;
				TARGETED_DEVICE_FAMILY = "1,2";
				TEST_TARGET_NAME = App_Jam;
			};
			name = Debug;
		};
		9BBB6CDD2BD3DADB001244AD /* Release */ = {
			isa = XCBuildConfiguration;
			buildSettings = {
				ALWAYS_EMBED_SWIFT_STANDARD_LIBRARIES = YES;
				CODE_SIGN_STYLE = Automatic;
				CURRENT_PROJECT_VERSION = 1;
				DEVELOPMENT_TEAM = DT6CHGQB77;
				GENERATE_INFOPLIST_FILE = YES;
				MARKETING_VERSION = 1.0;
				PRODUCT_BUNDLE_IDENTIFIER = "MelBIP.App-JamUITests";
				PRODUCT_NAME = "$(TARGET_NAME)";
				SWIFT_EMIT_LOC_STRINGS = NO;
				SWIFT_VERSION = 5.0;
				TARGETED_DEVICE_FAMILY = "1,2";
				TEST_TARGET_NAME = App_Jam;
			};
			name = Release;
		};
/* End XCBuildConfiguration section */

/* Begin XCConfigurationList section */
		9BBB6CA62BD3DAD9001244AD /* Build configuration list for PBXProject "App_Jam" */ = {
			isa = XCConfigurationList;
			buildConfigurations = (
				9BBB6CD32BD3DADB001244AD /* Debug */,
				9BBB6CD42BD3DADB001244AD /* Release */,
			);
			defaultConfigurationIsVisible = 0;
			defaultConfigurationName = Release;
		};
		9BBB6CD52BD3DADB001244AD /* Build configuration list for PBXNativeTarget "App_Jam" */ = {
			isa = XCConfigurationList;
			buildConfigurations = (
				9BBB6CD62BD3DADB001244AD /* Debug */,
				9BBB6CD72BD3DADB001244AD /* Release */,
			);
			defaultConfigurationIsVisible = 0;
			defaultConfigurationName = Release;
		};
		9BBB6CD82BD3DADB001244AD /* Build configuration list for PBXNativeTarget "App_JamTests" */ = {
			isa = XCConfigurationList;
			buildConfigurations = (
				9BBB6CD92BD3DADB001244AD /* Debug */,
				9BBB6CDA2BD3DADB001244AD /* Release */,
			);
			defaultConfigurationIsVisible = 0;
			defaultConfigurationName = Release;
		};
		9BBB6CDB2BD3DADB001244AD /* Build configuration list for PBXNativeTarget "App_JamUITests" */ = {
			isa = XCConfigurationList;
			buildConfigurations = (
				9BBB6CDC2BD3DADB001244AD /* Debug */,
				9BBB6CDD2BD3DADB001244AD /* Release */,
			);
			defaultConfigurationIsVisible = 0;
			defaultConfigurationName = Release;
		};
/* End XCConfigurationList section */

/* Begin XCRemoteSwiftPackageReference section */
		9BBB6CE02BD3DB06001244AD /* XCRemoteSwiftPackageReference "Then" */ = {
			isa = XCRemoteSwiftPackageReference;
			repositoryURL = "https://github.com/devxoul/Then";
			requirement = {
				kind = upToNextMajorVersion;
				minimumVersion = 3.0.0;
			};
		};
		9BBB6CE32BD3DB0F001244AD /* XCRemoteSwiftPackageReference "SnapKit" */ = {
			isa = XCRemoteSwiftPackageReference;
			repositoryURL = "https://github.com/SnapKit/SnapKit";
			requirement = {
				kind = upToNextMajorVersion;
				minimumVersion = 5.7.1;
			};
		};
/* End XCRemoteSwiftPackageReference section */

/* Begin XCSwiftPackageProductDependency section */
		9BBB6CE12BD3DB06001244AD /* Then */ = {
			isa = XCSwiftPackageProductDependency;
			package = 9BBB6CE02BD3DB06001244AD /* XCRemoteSwiftPackageReference "Then" */;
			productName = Then;
		};
		9BBB6CE42BD3DB0F001244AD /* SnapKit */ = {
			isa = XCSwiftPackageProductDependency;
			package = 9BBB6CE32BD3DB0F001244AD /* XCRemoteSwiftPackageReference "SnapKit" */;
			productName = SnapKit;
		};
/* End XCSwiftPackageProductDependency section */
	};
	rootObject = 9BBB6CA32BD3DAD9001244AD /* Project object */;
}
